
Microsoft Visual Studio Solution File, Format Version 12.00
# Visual Studio 15
VisualStudioVersion = 15.0.27004.2002
MinimumVisualStudioVersion = 10.0.40219.1
Project("{FAE04EC0-301F-11D3-BF4B-00C04F79EFBC}") = "eXpire.Android", "eXpire\eXpire.Android\eXpire.Android.csproj", "{6877B5C3-84A0-44DE-B52A-FC44425274DD}"
EndProject
Project("{FAE04EC0-301F-11D3-BF4B-00C04F79EFBC}") = "eXpire", "eXpire\eXpire\eXpire.csproj", "{E758F4AC-A09A-46BA-B8FF-AAFEBAD431E4}"
EndProject
Project("{FAE04EC0-301F-11D3-BF4B-00C04F79EFBC}") = "eXpire.UWP", "eXpire\eXpire.UWP\eXpire.UWP.csproj", "{E7590BE7-BDED-4B6B-9505-DC1C9779BF49}"
EndProject
Project("{FAE04EC0-301F-11D3-BF4B-00C04F79EFBC}") = "eXpire.iOS", "eXpire\eXpire.iOS\eXpire.iOS.csproj", "{4652EE4F-BC5A-4B2D-BC3A-E9A4E1C17DB2}"
EndProject
Global
	GlobalSection(SolutionConfigurationPlatforms) = preSolution
		Ad-Hoc|Any CPU = Ad-Hoc|Any CPU
		Ad-Hoc|ARM = Ad-Hoc|ARM
		Ad-Hoc|iPhone = Ad-Hoc|iPhone
		Ad-Hoc|iPhoneSimulator = Ad-Hoc|iPhoneSimulator
		Ad-Hoc|x64 = Ad-Hoc|x64
		Ad-Hoc|x86 = Ad-Hoc|x86
		AppStore|Any CPU = AppStore|Any CPU
		AppStore|ARM = AppStore|ARM
		AppStore|iPhone = AppStore|iPhone
		AppStore|iPhoneSimulator = AppStore|iPhoneSimulator
		AppStore|x64 = AppStore|x64
		AppStore|x86 = AppStore|x86
		Debug|Any CPU = Debug|Any CPU
		Debug|ARM = Debug|ARM
		Debug|iPhone = Debug|iPhone
		Debug|iPhoneSimulator = Debug|iPhoneSimulator
		Debug|x64 = Debug|x64
		Debug|x86 = Debug|x86
		Release|Any CPU = Release|Any CPU
		Release|ARM = Release|ARM
		Release|iPhone = Release|iPhone
		Release|iPhoneSimulator = Release|iPhoneSimulator
		Release|x64 = Release|x64
		Release|x86 = Release|x86
	EndGlobalSection
	GlobalSection(ProjectConfigurationPlatforms) = postSolution
		{6877B5C3-84A0-44DE-B52A-FC44425274DD}.Ad-Hoc|Any CPU.ActiveCfg = Release|Any CPU
		{6877B5C3-84A0-44DE-B52A-FC44425274DD}.Ad-Hoc|Any CPU.Build.0 = Release|Any CPU
		{6877B5C3-84A0-44DE-B52A-FC44425274DD}.Ad-Hoc|Any CPU.Deploy.0 = Release|Any CPU
		{6877B5C3-84A0-44DE-B52A-FC44425274DD}.Ad-Hoc|ARM.ActiveCfg = Release|Any CPU
		{6877B5C3-84A0-44DE-B52A-FC44425274DD}.Ad-Hoc|ARM.Build.0 = Release|Any CPU
		{6877B5C3-84A0-44DE-B52A-FC44425274DD}.Ad-Hoc|ARM.Deploy.0 = Release|Any CPU
		{6877B5C3-84A0-44DE-B52A-FC44425274DD}.Ad-Hoc|iPhone.ActiveCfg = Release|Any CPU
		{6877B5C3-84A0-44DE-B52A-FC44425274DD}.Ad-Hoc|iPhone.Build.0 = Release|Any CPU
		{6877B5C3-84A0-44DE-B52A-FC44425274DD}.Ad-Hoc|iPhone.Deploy.0 = Release|Any CPU
		{6877B5C3-84A0-44DE-B52A-FC44425274DD}.Ad-Hoc|iPhoneSimulator.ActiveCfg = Release|Any CPU
		{6877B5C3-84A0-44DE-B52A-FC44425274DD}.Ad-Hoc|iPhoneSimulator.Build.0 = Release|Any CPU
		{6877B5C3-84A0-44DE-B52A-FC44425274DD}.Ad-Hoc|iPhoneSimulator.Deploy.0 = Release|Any CPU
		{6877B5C3-84A0-44DE-B52A-FC44425274DD}.Ad-Hoc|x64.ActiveCfg = Release|Any CPU
		{6877B5C3-84A0-44DE-B52A-FC44425274DD}.Ad-Hoc|x64.Build.0 = Release|Any CPU
		{6877B5C3-84A0-44DE-B52A-FC44425274DD}.Ad-Hoc|x64.Deploy.0 = Release|Any CPU
		{6877B5C3-84A0-44DE-B52A-FC44425274DD}.Ad-Hoc|x86.ActiveCfg = Release|Any CPU
		{6877B5C3-84A0-44DE-B52A-FC44425274DD}.Ad-Hoc|x86.Build.0 = Release|Any CPU
		{6877B5C3-84A0-44DE-B52A-FC44425274DD}.Ad-Hoc|x86.Deploy.0 = Release|Any CPU
		{6877B5C3-84A0-44DE-B52A-FC44425274DD}.AppStore|Any CPU.ActiveCfg = Release|Any CPU
		{6877B5C3-84A0-44DE-B52A-FC44425274DD}.AppStore|Any CPU.Build.0 = Release|Any CPU
		{6877B5C3-84A0-44DE-B52A-FC44425274DD}.AppStore|Any CPU.Deploy.0 = Release|Any CPU
		{6877B5C3-84A0-44DE-B52A-FC44425274DD}.AppStore|ARM.ActiveCfg = Release|Any CPU
		{6877B5C3-84A0-44DE-B52A-FC44425274DD}.AppStore|ARM.Build.0 = Release|Any CPU
		{6877B5C3-84A0-44DE-B52A-FC44425274DD}.AppStore|ARM.Deploy.0 = Release|Any CPU
		{6877B5C3-84A0-44DE-B52A-FC44425274DD}.AppStore|iPhone.ActiveCfg = Release|Any CPU
		{6877B5C3-84A0-44DE-B52A-FC44425274DD}.AppStore|iPhone.Build.0 = Release|Any CPU
		{6877B5C3-84A0-44DE-B52A-FC44425274DD}.AppStore|iPhone.Deploy.0 = Release|Any CPU
		{6877B5C3-84A0-44DE-B52A-FC44425274DD}.AppStore|iPhoneSimulator.ActiveCfg = Release|Any CPU
		{6877B5C3-84A0-44DE-B52A-FC44425274DD}.AppStore|iPhoneSimulator.Build.0 = Release|Any CPU
		{6877B5C3-84A0-44DE-B52A-FC44425274DD}.AppStore|iPhoneSimulator.Deploy.0 = Release|Any CPU
		{6877B5C3-84A0-44DE-B52A-FC44425274DD}.AppStore|x64.ActiveCfg = Release|Any CPU
		{6877B5C3-84A0-44DE-B52A-FC44425274DD}.AppStore|x64.Build.0 = Release|Any CPU
		{6877B5C3-84A0-44DE-B52A-FC44425274DD}.AppStore|x64.Deploy.0 = Release|Any CPU
		{6877B5C3-84A0-44DE-B52A-FC44425274DD}.AppStore|x86.ActiveCfg = Release|Any CPU
		{6877B5C3-84A0-44DE-B52A-FC44425274DD}.AppStore|x86.Build.0 = Release|Any CPU
		{6877B5C3-84A0-44DE-B52A-FC44425274DD}.AppStore|x86.Deploy.0 = Release|Any CPU
		{6877B5C3-84A0-44DE-B52A-FC44425274DD}.Debug|Any CPU.ActiveCfg = Debug|Any CPU
		{6877B5C3-84A0-44DE-B52A-FC44425274DD}.Debug|Any CPU.Build.0 = Debug|Any CPU
		{6877B5C3-84A0-44DE-B52A-FC44425274DD}.Debug|Any CPU.Deploy.0 = Debug|Any CPU
		{6877B5C3-84A0-44DE-B52A-FC44425274DD}.Debug|ARM.ActiveCfg = Debug|Any CPU
		{6877B5C3-84A0-44DE-B52A-FC44425274DD}.Debug|ARM.Build.0 = Debug|Any CPU
		{6877B5C3-84A0-44DE-B52A-FC44425274DD}.Debug|ARM.Deploy.0 = Debug|Any CPU
		{6877B5C3-84A0-44DE-B52A-FC44425274DD}.Debug|iPhone.ActiveCfg = Debug|Any CPU
		{6877B5C3-84A0-44DE-B52A-FC44425274DD}.Debug|iPhone.Build.0 = Debug|Any CPU
		{6877B5C3-84A0-44DE-B52A-FC44425274DD}.Debug|iPhone.Deploy.0 = Debug|Any CPU
		{6877B5C3-84A0-44DE-B52A-FC44425274DD}.Debug|iPhoneSimulator.ActiveCfg = Debug|Any CPU
		{6877B5C3-84A0-44DE-B52A-FC44425274DD}.Debug|iPhoneSimulator.Build.0 = Debug|Any CPU
		{6877B5C3-84A0-44DE-B52A-FC44425274DD}.Debug|iPhoneSimulator.Deploy.0 = Debug|Any CPU
		{6877B5C3-84A0-44DE-B52A-FC44425274DD}.Debug|x64.ActiveCfg = Debug|Any CPU
		{6877B5C3-84A0-44DE-B52A-FC44425274DD}.Debug|x64.Build.0 = Debug|Any CPU
		{6877B5C3-84A0-44DE-B52A-FC44425274DD}.Debug|x64.Deploy.0 = Debug|Any CPU
		{6877B5C3-84A0-44DE-B52A-FC44425274DD}.Debug|x86.ActiveCfg = Debug|Any CPU
		{6877B5C3-84A0-44DE-B52A-FC44425274DD}.Debug|x86.Build.0 = Debug|Any CPU
		{6877B5C3-84A0-44DE-B52A-FC44425274DD}.Debug|x86.Deploy.0 = Debug|Any CPU
		{6877B5C3-84A0-44DE-B52A-FC44425274DD}.Release|Any CPU.ActiveCfg = Release|Any CPU
		{6877B5C3-84A0-44DE-B52A-FC44425274DD}.Release|Any CPU.Build.0 = Release|Any CPU
		{6877B5C3-84A0-44DE-B52A-FC44425274DD}.Release|Any CPU.Deploy.0 = Release|Any CPU
		{6877B5C3-84A0-44DE-B52A-FC44425274DD}.Release|ARM.ActiveCfg = Release|Any CPU
		{6877B5C3-84A0-44DE-B52A-FC44425274DD}.Release|ARM.Build.0 = Release|Any CPU
		{6877B5C3-84A0-44DE-B52A-FC44425274DD}.Release|ARM.Deploy.0 = Release|Any CPU
		{6877B5C3-84A0-44DE-B52A-FC44425274DD}.Release|iPhone.ActiveCfg = Release|Any CPU
		{6877B5C3-84A0-44DE-B52A-FC44425274DD}.Release|iPhone.Build.0 = Release|Any CPU
		{6877B5C3-84A0-44DE-B52A-FC44425274DD}.Release|iPhone.Deploy.0 = Release|Any CPU
		{6877B5C3-84A0-44DE-B52A-FC44425274DD}.Release|iPhoneSimulator.ActiveCfg = Release|Any CPU
		{6877B5C3-84A0-44DE-B52A-FC44425274DD}.Release|iPhoneSimulator.Build.0 = Release|Any CPU
		{6877B5C3-84A0-44DE-B52A-FC44425274DD}.Release|iPhoneSimulator.Deploy.0 = Release|Any CPU
		{6877B5C3-84A0-44DE-B52A-FC44425274DD}.Release|x64.ActiveCfg = Release|Any CPU
		{6877B5C3-84A0-44DE-B52A-FC44425274DD}.Release|x64.Build.0 = Release|Any CPU
		{6877B5C3-84A0-44DE-B52A-FC44425274DD}.Release|x64.Deploy.0 = Release|Any CPU
		{6877B5C3-84A0-44DE-B52A-FC44425274DD}.Release|x86.ActiveCfg = Release|Any CPU
		{6877B5C3-84A0-44DE-B52A-FC44425274DD}.Release|x86.Build.0 = Release|Any CPU
		{6877B5C3-84A0-44DE-B52A-FC44425274DD}.Release|x86.Deploy.0 = Release|Any CPU
		{E758F4AC-A09A-46BA-B8FF-AAFEBAD431E4}.Ad-Hoc|Any CPU.ActiveCfg = Release|Any CPU
		{E758F4AC-A09A-46BA-B8FF-AAFEBAD431E4}.Ad-Hoc|Any CPU.Build.0 = Release|Any CPU
		{E758F4AC-A09A-46BA-B8FF-AAFEBAD431E4}.Ad-Hoc|ARM.ActiveCfg = Release|Any CPU
		{E758F4AC-A09A-46BA-B8FF-AAFEBAD431E4}.Ad-Hoc|ARM.Build.0 = Release|Any CPU
		{E758F4AC-A09A-46BA-B8FF-AAFEBAD431E4}.Ad-Hoc|iPhone.ActiveCfg = Release|Any CPU
		{E758F4AC-A09A-46BA-B8FF-AAFEBAD431E4}.Ad-Hoc|iPhone.Build.0 = Release|Any CPU
		{E758F4AC-A09A-46BA-B8FF-AAFEBAD431E4}.Ad-Hoc|iPhoneSimulator.ActiveCfg = Release|Any CPU
		{E758F4AC-A09A-46BA-B8FF-AAFEBAD431E4}.Ad-Hoc|iPhoneSimulator.Build.0 = Release|Any CPU
		{E758F4AC-A09A-46BA-B8FF-AAFEBAD431E4}.Ad-Hoc|x64.ActiveCfg = Release|Any CPU
		{E758F4AC-A09A-46BA-B8FF-AAFEBAD431E4}.Ad-Hoc|x64.Build.0 = Release|Any CPU
		{E758F4AC-A09A-46BA-B8FF-AAFEBAD431E4}.Ad-Hoc|x86.ActiveCfg = Release|Any CPU
		{E758F4AC-A09A-46BA-B8FF-AAFEBAD431E4}.Ad-Hoc|x86.Build.0 = Release|Any CPU
		{E758F4AC-A09A-46BA-B8FF-AAFEBAD431E4}.AppStore|Any CPU.ActiveCfg = Release|Any CPU
		{E758F4AC-A09A-46BA-B8FF-AAFEBAD431E4}.AppStore|Any CPU.Build.0 = Release|Any CPU
		{E758F4AC-A09A-46BA-B8FF-AAFEBAD431E4}.AppStore|ARM.ActiveCfg = Release|Any CPU
		{E758F4AC-A09A-46BA-B8FF-AAFEBAD431E4}.AppStore|ARM.Build.0 = Release|Any CPU
		{E758F4AC-A09A-46BA-B8FF-AAFEBAD431E4}.AppStore|iPhone.ActiveCfg = Release|Any CPU
		{E758F4AC-A09A-46BA-B8FF-AAFEBAD431E4}.AppStore|iPhone.Build.0 = Release|Any CPU
		{E758F4AC-A09A-46BA-B8FF-AAFEBAD431E4}.AppStore|iPhoneSimulator.ActiveCfg = Release|Any CPU
		{E758F4AC-A09A-46BA-B8FF-AAFEBAD431E4}.AppStore|iPhoneSimulator.Build.0 = Release|Any CPU
		{E758F4AC-A09A-46BA-B8FF-AAFEBAD431E4}.AppStore|x64.ActiveCfg = Release|Any CPU
		{E758F4AC-A09A-46BA-B8FF-AAFEBAD431E4}.AppStore|x64.Build.0 = Release|Any CPU
		{E758F4AC-A09A-46BA-B8FF-AAFEBAD431E4}.AppStore|x86.ActiveCfg = Release|Any CPU
		{E758F4AC-A09A-46BA-B8FF-AAFEBAD431E4}.AppStore|x86.Build.0 = Release|Any CPU
		{E758F4AC-A09A-46BA-B8FF-AAFEBAD431E4}.Debug|Any CPU.ActiveCfg = Debug|Any CPU
		{E758F4AC-A09A-46BA-B8FF-AAFEBAD431E4}.Debug|Any CPU.Build.0 = Debug|Any CPU
		{E758F4AC-A09A-46BA-B8FF-AAFEBAD431E4}.Debug|ARM.ActiveCfg = Debug|Any CPU
		{E758F4AC-A09A-46BA-B8FF-AAFEBAD431E4}.Debug|ARM.Build.0 = Debug|Any CPU
		{E758F4AC-A09A-46BA-B8FF-AAFEBAD431E4}.Debug|iPhone.ActiveCfg = Debug|Any CPU
		{E758F4AC-A09A-46BA-B8FF-AAFEBAD431E4}.Debug|iPhone.Build.0 = Debug|Any CPU
		{E758F4AC-A09A-46BA-B8FF-AAFEBAD431E4}.Debug|iPhoneSimulator.ActiveCfg = Debug|Any CPU
		{E758F4AC-A09A-46BA-B8FF-AAFEBAD431E4}.Debug|iPhoneSimulator.Build.0 = Debug|Any CPU
		{E758F4AC-A09A-46BA-B8FF-AAFEBAD431E4}.Debug|x64.ActiveCfg = Debug|Any CPU
		{E758F4AC-A09A-46BA-B8FF-AAFEBAD431E4}.Debug|x64.Build.0 = Debug|Any CPU
		{E758F4AC-A09A-46BA-B8FF-AAFEBAD431E4}.Debug|x86.ActiveCfg = Debug|Any CPU
		{E758F4AC-A09A-46BA-B8FF-AAFEBAD431E4}.Debug|x86.Build.0 = Debug|Any CPU
		{E758F4AC-A09A-46BA-B8FF-AAFEBAD431E4}.Release|Any CPU.ActiveCfg = Release|Any CPU
		{E758F4AC-A09A-46BA-B8FF-AAFEBAD431E4}.Release|Any CPU.Build.0 = Release|Any CPU
		{E758F4AC-A09A-46BA-B8FF-AAFEBAD431E4}.Release|ARM.ActiveCfg = Release|Any CPU
		{E758F4AC-A09A-46BA-B8FF-AAFEBAD431E4}.Release|ARM.Build.0 = Release|Any CPU
		{E758F4AC-A09A-46BA-B8FF-AAFEBAD431E4}.Release|iPhone.ActiveCfg = Release|Any CPU
		{E758F4AC-A09A-46BA-B8FF-AAFEBAD431E4}.Release|iPhone.Build.0 = Release|Any CPU
		{E758F4AC-A09A-46BA-B8FF-AAFEBAD431E4}.Release|iPhoneSimulator.ActiveCfg = Release|Any CPU
		{E758F4AC-A09A-46BA-B8FF-AAFEBAD431E4}.Release|iPhoneSimulator.Build.0 = Release|Any CPU
		{E758F4AC-A09A-46BA-B8FF-AAFEBAD431E4}.Release|x64.ActiveCfg = Release|Any CPU
		{E758F4AC-A09A-46BA-B8FF-AAFEBAD431E4}.Release|x64.Build.0 = Release|Any CPU
		{E758F4AC-A09A-46BA-B8FF-AAFEBAD431E4}.Release|x86.ActiveCfg = Release|Any CPU
		{E758F4AC-A09A-46BA-B8FF-AAFEBAD431E4}.Release|x86.Build.0 = Release|Any CPU
		{E7590BE7-BDED-4B6B-9505-DC1C9779BF49}.Ad-Hoc|Any CPU.ActiveCfg = Release|x86
		{E7590BE7-BDED-4B6B-9505-DC1C9779BF49}.Ad-Hoc|Any CPU.Build.0 = Release|x86
		{E7590BE7-BDED-4B6B-9505-DC1C9779BF49}.Ad-Hoc|Any CPU.Deploy.0 = Release|x86
		{E7590BE7-BDED-4B6B-9505-DC1C9779BF49}.Ad-Hoc|ARM.ActiveCfg = Release|ARM
		{E7590BE7-BDED-4B6B-9505-DC1C9779BF49}.Ad-Hoc|ARM.Build.0 = Release|ARM
		{E7590BE7-BDED-4B6B-9505-DC1C9779BF49}.Ad-Hoc|ARM.Deploy.0 = Release|ARM
		{E7590BE7-BDED-4B6B-9505-DC1C9779BF49}.Ad-Hoc|iPhone.ActiveCfg = Release|x86
		{E7590BE7-BDED-4B6B-9505-DC1C9779BF49}.Ad-Hoc|iPhone.Build.0 = Release|x86
		{E7590BE7-BDED-4B6B-9505-DC1C9779BF49}.Ad-Hoc|iPhone.Deploy.0 = Release|x86
		{E7590BE7-BDED-4B6B-9505-DC1C9779BF49}.Ad-Hoc|iPhoneSimulator.ActiveCfg = Release|x86
		{E7590BE7-BDED-4B6B-9505-DC1C9779BF49}.Ad-Hoc|iPhoneSimulator.Build.0 = Release|x86
		{E7590BE7-BDED-4B6B-9505-DC1C9779BF49}.Ad-Hoc|iPhoneSimulator.Deploy.0 = Release|x86
		{E7590BE7-BDED-4B6B-9505-DC1C9779BF49}.Ad-Hoc|x64.ActiveCfg = Release|x64
		{E7590BE7-BDED-4B6B-9505-DC1C9779BF49}.Ad-Hoc|x64.Build.0 = Release|x64
		{E7590BE7-BDED-4B6B-9505-DC1C9779BF49}.Ad-Hoc|x64.Deploy.0 = Release|x64
		{E7590BE7-BDED-4B6B-9505-DC1C9779BF49}.Ad-Hoc|x86.ActiveCfg = Release|x86
		{E7590BE7-BDED-4B6B-9505-DC1C9779BF49}.Ad-Hoc|x86.Build.0 = Release|x86
		{E7590BE7-BDED-4B6B-9505-DC1C9779BF49}.Ad-Hoc|x86.Deploy.0 = Release|x86
		{E7590BE7-BDED-4B6B-9505-DC1C9779BF49}.AppStore|Any CPU.ActiveCfg = Release|x86
		{E7590BE7-BDED-4B6B-9505-DC1C9779BF49}.AppStore|Any CPU.Build.0 = Release|x86
		{E7590BE7-BDED-4B6B-9505-DC1C9779BF49}.AppStore|Any CPU.Deploy.0 = Release|x86
		{E7590BE7-BDED-4B6B-9505-DC1C9779BF49}.AppStore|ARM.ActiveCfg = Release|ARM
		{E7590BE7-BDED-4B6B-9505-DC1C9779BF49}.AppStore|ARM.Build.0 = Release|ARM
		{E7590BE7-BDED-4B6B-9505-DC1C9779BF49}.AppStore|ARM.Deploy.0 = Release|ARM
		{E7590BE7-BDED-4B6B-9505-DC1C9779BF49}.AppStore|iPhone.ActiveCfg = Release|x86
		{E7590BE7-BDED-4B6B-9505-DC1C9779BF49}.AppStore|iPhone.Build.0 = Release|x86
		{E7590BE7-BDED-4B6B-9505-DC1C9779BF49}.AppStore|iPhone.Deploy.0 = Release|x86
		{E7590BE7-BDED-4B6B-9505-DC1C9779BF49}.AppStore|iPhoneSimulator.ActiveCfg = Release|x86
		{E7590BE7-BDED-4B6B-9505-DC1C9779BF49}.AppStore|iPhoneSimulator.Build.0 = Release|x86
		{E7590BE7-BDED-4B6B-9505-DC1C9779BF49}.AppStore|iPhoneSimulator.Deploy.0 = Release|x86
		{E7590BE7-BDED-4B6B-9505-DC1C9779BF49}.AppStore|x64.ActiveCfg = Release|x64
		{E7590BE7-BDED-4B6B-9505-DC1C9779BF49}.AppStore|x64.Build.0 = Release|x64
		{E7590BE7-BDED-4B6B-9505-DC1C9779BF49}.AppStore|x64.Deploy.0 = Release|x64
		{E7590BE7-BDED-4B6B-9505-DC1C9779BF49}.AppStore|x86.ActiveCfg = Release|x86
		{E7590BE7-BDED-4B6B-9505-DC1C9779BF49}.AppStore|x86.Build.0 = Release|x86
		{E7590BE7-BDED-4B6B-9505-DC1C9779BF49}.AppStore|x86.Deploy.0 = Release|x86
		{E7590BE7-BDED-4B6B-9505-DC1C9779BF49}.Debug|Any CPU.ActiveCfg = Debug|x86
		{E7590BE7-BDED-4B6B-9505-DC1C9779BF49}.Debug|ARM.ActiveCfg = Debug|ARM
		{E7590BE7-BDED-4B6B-9505-DC1C9779BF49}.Debug|ARM.Build.0 = Debug|ARM
		{E7590BE7-BDED-4B6B-9505-DC1C9779BF49}.Debug|ARM.Deploy.0 = Debug|ARM
		{E7590BE7-BDED-4B6B-9505-DC1C9779BF49}.Debug|iPhone.ActiveCfg = Debug|x86
		{E7590BE7-BDED-4B6B-9505-DC1C9779BF49}.Debug|iPhoneSimulator.ActiveCfg = Debug|x86
		{E7590BE7-BDED-4B6B-9505-DC1C9779BF49}.Debug|x64.ActiveCfg = Debug|x64
		{E7590BE7-BDED-4B6B-9505-DC1C9779BF49}.Debug|x64.Build.0 = Debug|x64
		{E7590BE7-BDED-4B6B-9505-DC1C9779BF49}.Debug|x64.Deploy.0 = Debug|x64
		{E7590BE7-BDED-4B6B-9505-DC1C9779BF49}.Debug|x86.ActiveCfg = Debug|x86
		{E7590BE7-BDED-4B6B-9505-DC1C9779BF49}.Debug|x86.Build.0 = Debug|x86
		{E7590BE7-BDED-4B6B-9505-DC1C9779BF49}.Debug|x86.Deploy.0 = Debug|x86
		{E7590BE7-BDED-4B6B-9505-DC1C9779BF49}.Release|Any CPU.ActiveCfg = Release|x86
		{E7590BE7-BDED-4B6B-9505-DC1C9779BF49}.Release|ARM.ActiveCfg = Release|ARM
		{E7590BE7-BDED-4B6B-9505-DC1C9779BF49}.Release|ARM.Build.0 = Release|ARM
		{E7590BE7-BDED-4B6B-9505-DC1C9779BF49}.Release|ARM.Deploy.0 = Release|ARM
		{E7590BE7-BDED-4B6B-9505-DC1C9779BF49}.Release|iPhone.ActiveCfg = Release|x86
		{E7590BE7-BDED-4B6B-9505-DC1C9779BF49}.Release|iPhoneSimulator.ActiveCfg = Release|x86
		{E7590BE7-BDED-4B6B-9505-DC1C9779BF49}.Release|x64.ActiveCfg = Release|x64
		{E7590BE7-BDED-4B6B-9505-DC1C9779BF49}.Release|x64.Build.0 = Release|x64
		{E7590BE7-BDED-4B6B-9505-DC1C9779BF49}.Release|x64.Deploy.0 = Release|x64
		{E7590BE7-BDED-4B6B-9505-DC1C9779BF49}.Release|x86.ActiveCfg = Release|x86
		{E7590BE7-BDED-4B6B-9505-DC1C9779BF49}.Release|x86.Build.0 = Release|x86
		{E7590BE7-BDED-4B6B-9505-DC1C9779BF49}.Release|x86.Deploy.0 = Release|x86
		{4652EE4F-BC5A-4B2D-BC3A-E9A4E1C17DB2}.Ad-Hoc|Any CPU.ActiveCfg = Ad-Hoc|iPhoneSimulator
		{4652EE4F-BC5A-4B2D-BC3A-E9A4E1C17DB2}.Ad-Hoc|ARM.ActiveCfg = Ad-Hoc|iPhone
		{4652EE4F-BC5A-4B2D-BC3A-E9A4E1C17DB2}.Ad-Hoc|iPhone.ActiveCfg = Ad-Hoc|iPhone
		{4652EE4F-BC5A-4B2D-BC3A-E9A4E1C17DB2}.Ad-Hoc|iPhone.Build.0 = Ad-Hoc|iPhone
		{4652EE4F-BC5A-4B2D-BC3A-E9A4E1C17DB2}.Ad-Hoc|iPhoneSimulator.ActiveCfg = Ad-Hoc|iPhoneSimulator
		{4652EE4F-BC5A-4B2D-BC3A-E9A4E1C17DB2}.Ad-Hoc|iPhoneSimulator.Build.0 = Ad-Hoc|iPhoneSimulator
		{4652EE4F-BC5A-4B2D-BC3A-E9A4E1C17DB2}.Ad-Hoc|x64.ActiveCfg = Ad-Hoc|iPhone
		{4652EE4F-BC5A-4B2D-BC3A-E9A4E1C17DB2}.Ad-Hoc|x86.ActiveCfg = Ad-Hoc|iPhone
		{4652EE4F-BC5A-4B2D-BC3A-E9A4E1C17DB2}.AppStore|Any CPU.ActiveCfg = AppStore|iPhoneSimulator
		{4652EE4F-BC5A-4B2D-BC3A-E9A4E1C17DB2}.AppStore|ARM.ActiveCfg = AppStore|iPhone
		{4652EE4F-BC5A-4B2D-BC3A-E9A4E1C17DB2}.AppStore|iPhone.ActiveCfg = AppStore|iPhone
		{4652EE4F-BC5A-4B2D-BC3A-E9A4E1C17DB2}.AppStore|iPhone.Build.0 = AppStore|iPhone
		{4652EE4F-BC5A-4B2D-BC3A-E9A4E1C17DB2}.AppStore|iPhoneSimulator.ActiveCfg = AppStore|iPhoneSimulator
		{4652EE4F-BC5A-4B2D-BC3A-E9A4E1C17DB2}.AppStore|iPhoneSimulator.Build.0 = AppStore|iPhoneSimulator
		{4652EE4F-BC5A-4B2D-BC3A-E9A4E1C17DB2}.AppStore|x64.ActiveCfg = AppStore|iPhone
		{4652EE4F-BC5A-4B2D-BC3A-E9A4E1C17DB2}.AppStore|x86.ActiveCfg = AppStore|iPhone
		{4652EE4F-BC5A-4B2D-BC3A-E9A4E1C17DB2}.Debug|Any CPU.ActiveCfg = Debug|iPhoneSimulator
		{4652EE4F-BC5A-4B2D-BC3A-E9A4E1C17DB2}.Debug|ARM.ActiveCfg = Debug|iPhone
		{4652EE4F-BC5A-4B2D-BC3A-E9A4E1C17DB2}.Debug|iPhone.ActiveCfg = Debug|iPhone
		{4652EE4F-BC5A-4B2D-BC3A-E9A4E1C17DB2}.Debug|iPhone.Build.0 = Debug|iPhone
		{4652EE4F-BC5A-4B2D-BC3A-E9A4E1C17DB2}.Debug|iPhoneSimulator.ActiveCfg = Debug|iPhoneSimulator
		{4652EE4F-BC5A-4B2D-BC3A-E9A4E1C17DB2}.Debug|iPhoneSimulator.Build.0 = Debug|iPhoneSimulator
		{4652EE4F-BC5A-4B2D-BC3A-E9A4E1C17DB2}.Debug|x64.ActiveCfg = Debug|iPhone
		{4652EE4F-BC5A-4B2D-BC3A-E9A4E1C17DB2}.Debug|x86.ActiveCfg = Debug|iPhone
		{4652EE4F-BC5A-4B2D-BC3A-E9A4E1C17DB2}.Release|Any CPU.ActiveCfg = Release|iPhoneSimulator
		{4652EE4F-BC5A-4B2D-BC3A-E9A4E1C17DB2}.Release|ARM.ActiveCfg = Release|iPhone
		{4652EE4F-BC5A-4B2D-BC3A-E9A4E1C17DB2}.Release|iPhone.ActiveCfg = Release|iPhone
		{4652EE4F-BC5A-4B2D-BC3A-E9A4E1C17DB2}.Release|iPhone.Build.0 = Release|iPhone
		{4652EE4F-BC5A-4B2D-BC3A-E9A4E1C17DB2}.Release|iPhoneSimulator.ActiveCfg = Release|iPhoneSimulator
		{4652EE4F-BC5A-4B2D-BC3A-E9A4E1C17DB2}.Release|iPhoneSimulator.Build.0 = Release|iPhoneSimulator
		{4652EE4F-BC5A-4B2D-BC3A-E9A4E1C17DB2}.Release|x64.ActiveCfg = Release|iPhone
		{4652EE4F-BC5A-4B2D-BC3A-E9A4E1C17DB2}.Release|x86.ActiveCfg = Release|iPhone
	EndGlobalSection
	GlobalSection(SolutionProperties) = preSolution
		HideSolutionNode = FALSE
	EndGlobalSection
	GlobalSection(ExtensibilityGlobals) = postSolution
		SolutionGuid = {6D9D9D2A-5E1B-4F28-A7DA-212ABBD07195}
	EndGlobalSection
EndGlobal
